version = 1
revision = 3
requires-python = ">=3.13"

[[package]]
name = "basedpyright"
version = "1.37.1"
source = { registry = "https://pypi.org/simple" }
dependencies = [
    { name = "nodejs-wheel-binaries" },
]
sdist = { url = "https://files.pythonhosted.org/packages/0c/b0/fbba81ea29eed1274e965cd0445f0d6020b467ff4d3393791e4d6ae02e64/basedpyright-1.37.1.tar.gz", hash = "sha256:1f47bc6f45cbcc5d6f8619d60aa42128e4b38942f5118dcd4bc20c3466c5e02f", size = 25235384, upload-time = "2026-01-08T14:42:46.447Z" }
wheels = [
    { url = "https://files.pythonhosted.org/packages/ad/d6/6b33bb49f08d761d7c958a1e3cecfb3ffbdcf4ba6bbed65b23ab47516b75/basedpyright-1.37.1-py3-none-any.whl", hash = "sha256:caf3adfe54f51623241712f8b4367adb51ef8a8c2288e3e1ec4118319661340d", size = 12297397, upload-time = "2026-01-08T14:42:50.306Z" },
]

[[package]]
name = "faculty-fetcher"
version = "0.1.0"
source = { virtual = "." }

[package.dev-dependencies]
dev = [
    { name = "basedpyright" },
]

[package.metadata]

[package.metadata.requires-dev]
dev = [{ name = "basedpyright", specifier = ">=1.37.1" }]

[[package]]
name = "nodejs-wheel-binaries"
version = "24.13.0"
source = { registry = "https://pypi.org/simple" }
sdist = { url = "https://files.pythonhosted.org/packages/b7/f1/73182280e2c05f49a7c2c8dbd46144efe3f74f03f798fb90da67b4a93bbf/nodejs_wheel_binaries-24.13.0.tar.gz", hash = "sha256:766aed076e900061b83d3e76ad48bfec32a035ef0d41bd09c55e832eb93ef7a4", size = 8056, upload-time = "2026-01-14T11:05:33.653Z" }
wheels = [
    { url = "https://files.pythonhosted.org/packages/c4/dc/4d7548aa74a5b446d093f03aff4fb236b570959d793f21c9c42ab6ad870a/nodejs_wheel_binaries-24.13.0-py2.py3-none-macosx_13_0_arm64.whl", hash = "sha256:356654baa37bfd894e447e7e00268db403ea1d223863963459a0fbcaaa1d9d48", size = 55133268, upload-time = "2026-01-14T11:05:05.335Z" },
    { url = "https://files.pythonhosted.org/packages/24/8a/8a4454d28339487240dd2232f42f1090e4a58544c581792d427f6239798c/nodejs_wheel_binaries-24.13.0-py2.py3-none-macosx_13_0_x86_64.whl", hash = "sha256:92fdef7376120e575f8b397789bafcb13bbd22a1b4d21b060d200b14910f22a5", size = 55314800, upload-time = "2026-01-14T11:05:09.121Z" },
    { url = "https://files.pythonhosted.org/packages/e7/fb/46c600fcc748bd13bc536a735f11532a003b14f5c4dfd6865f5911672175/nodejs_wheel_binaries-24.13.0-py2.py3-none-manylinux_2_28_aarch64.whl", hash = "sha256:3f619ac140e039ecd25f2f71d6e83ad1414017a24608531851b7c31dc140cdfd", size = 59666320, upload-time = "2026-01-14T11:05:12.369Z" },
    { url = "https://files.pythonhosted.org/packages/85/47/d48f11fc5d1541ace5d806c62a45738a1db9ce33e85a06fe4cd3d9ce83f6/nodejs_wheel_binaries-24.13.0-py2.py3-none-manylinux_2_28_x86_64.whl", hash = "sha256:dfb31ebc2c129538192ddb5bedd3d63d6de5d271437cd39ea26bf3fe229ba430", size = 60162447, upload-time = "2026-01-14T11:05:16.003Z" },
    { url = "https://files.pythonhosted.org/packages/b1/74/d285c579ae8157c925b577dde429543963b845e69cd006549e062d1cf5b6/nodejs_wheel_binaries-24.13.0-py2.py3-none-musllinux_1_2_aarch64.whl", hash = "sha256:fdd720d7b378d5bb9b2710457bbc880d4c4d1270a94f13fbe257198ac707f358", size = 61659994, upload-time = "2026-01-14T11:05:19.68Z" },
    { url = "https://files.pythonhosted.org/packages/ba/97/88b4254a2ff93ed2eaed725f77b7d3d2d8d7973bf134359ce786db894faf/nodejs_wheel_binaries-24.13.0-py2.py3-none-musllinux_1_2_x86_64.whl", hash = "sha256:9ad6383613f3485a75b054647a09f1cd56d12380d7459184eebcf4a5d403f35c", size = 62244373, upload-time = "2026-01-14T11:05:23.987Z" },
    { url = "https://files.pythonhosted.org/packages/4e/c3/0e13a3da78f08cb58650971a6957ac7bfef84164b405176e53ab1e3584e2/nodejs_wheel_binaries-24.13.0-py2.py3-none-win_amd64.whl", hash = "sha256:605be4763e3ef427a3385a55da5a1bcf0a659aa2716eebbf23f332926d7e5f23", size = 41345528, upload-time = "2026-01-14T11:05:27.67Z" },
    { url = "https://files.pythonhosted.org/packages/a3/f1/0578d65b4e3dc572967fd702221ea1f42e1e60accfb6b0dd8d8f15410139/nodejs_wheel_binaries-24.13.0-py2.py3-none-win_arm64.whl", hash = "sha256:2e3431d869d6b2dbeef1d469ad0090babbdcc8baaa72c01dd3cc2c6121c96af5", size = 39054688, upload-time = "2026-01-14T11:05:30.739Z" },
]
